<Solution>
  <Project Path="FitJournal.Api/FitJournal.Api.csproj" />
  <Project Path="FitJournal.Core/FitJournal.Core.csproj" Id="d9d30ed0-bbd1-4b26-810f-ca1e9ebb6b76" />
  <Project Path="FitJournal.Domain/FitJournal.Domain.csproj" />
  <Project Path="FitJournal.Infra/FitJournal.Infra.csproj" />
  <Project Path="FitJournal.Test.Common/FitJournal.Test.Common.csproj" Id="a1803736-1b05-446d-aa64-3146c60f9c51" />
  <Project Path="FitJournal.Test.Integration/FitJournal.Test.Integration.csproj" Id="2bb4850c-245f-495f-a471-6b243bcde45a" />
  <Project Path="FitJournal.Test.Unit/FitJournal.Test.Unit.csproj" Id="17f37725-b288-49ee-b064-7f22f77d74af" />
</Solution>
